
Microsoft Visual Studio Solution File, Format Version 12.00
# Visual Studio 15
VisualStudioVersion = 15.0.27130.2020
MinimumVisualStudioVersion = 10.0.40219.1
Project("{9A19103F-16F7-4668-BE54-9A1E7A4F7556}") = "EMS.WebPortal", "EMS_Core\EMS.WebPortal.csproj", "{649B8043-04EA-4876-A2DC-DFA25B27A895}"
	ProjectSection(ProjectDependencies) = postProject
		{DA8DDE39-9959-4E41-BE3D-3D6CD0A8F84A} = {DA8DDE39-9959-4E41-BE3D-3D6CD0A8F84A}
		{F495D149-8919-4004-B201-D64CAFC4AF73} = {F495D149-8919-4004-B201-D64CAFC4AF73}
		{B7F3436B-B987-4A59-90E5-7AA291BA7CB9} = {B7F3436B-B987-4A59-90E5-7AA291BA7CB9}
		{E164B47B-D0AE-4479-BFCB-CD58C3968085} = {E164B47B-D0AE-4479-BFCB-CD58C3968085}
	EndProjectSection
EndProject
Project("{9A19103F-16F7-4668-BE54-9A1E7A4F7556}") = "EMS.Business", "BusinessLayer\EMS.Business.csproj", "{B7F3436B-B987-4A59-90E5-7AA291BA7CB9}"
	ProjectSection(ProjectDependencies) = postProject
		{F495D149-8919-4004-B201-D64CAFC4AF73} = {F495D149-8919-4004-B201-D64CAFC4AF73}
		{E164B47B-D0AE-4479-BFCB-CD58C3968085} = {E164B47B-D0AE-4479-BFCB-CD58C3968085}
		{422FBDB2-8FB3-450B-ABB5-F31C97DDF337} = {422FBDB2-8FB3-450B-ABB5-F31C97DDF337}
	EndProjectSection
EndProject
Project("{9A19103F-16F7-4668-BE54-9A1E7A4F7556}") = "EMS.WebAPI", "Web_API\EMS.WebAPI.csproj", "{DA8DDE39-9959-4E41-BE3D-3D6CD0A8F84A}"
	ProjectSection(ProjectDependencies) = postProject
		{F495D149-8919-4004-B201-D64CAFC4AF73} = {F495D149-8919-4004-B201-D64CAFC4AF73}
		{B7F3436B-B987-4A59-90E5-7AA291BA7CB9} = {B7F3436B-B987-4A59-90E5-7AA291BA7CB9}
		{E164B47B-D0AE-4479-BFCB-CD58C3968085} = {E164B47B-D0AE-4479-BFCB-CD58C3968085}
	EndProjectSection
EndProject
Project("{9A19103F-16F7-4668-BE54-9A1E7A4F7556}") = "EMS.Entity", "Entities\EMS.Entity.csproj", "{F495D149-8919-4004-B201-D64CAFC4AF73}"
EndProject
Project("{9A19103F-16F7-4668-BE54-9A1E7A4F7556}") = "EMS.Common", "EMS.Common\EMS.Common.csproj", "{E164B47B-D0AE-4479-BFCB-CD58C3968085}"
EndProject
Project("{9A19103F-16F7-4668-BE54-9A1E7A4F7556}") = "Test", "Test\Test.csproj", "{181FDA05-E795-4DB5-85E3-D0288E18D9E9}"
	ProjectSection(ProjectDependencies) = postProject
		{F495D149-8919-4004-B201-D64CAFC4AF73} = {F495D149-8919-4004-B201-D64CAFC4AF73}
		{B7F3436B-B987-4A59-90E5-7AA291BA7CB9} = {B7F3436B-B987-4A59-90E5-7AA291BA7CB9}
		{422FBDB2-8FB3-450B-ABB5-F31C97DDF337} = {422FBDB2-8FB3-450B-ABB5-F31C97DDF337}
	EndProjectSection
EndProject
Project("{9A19103F-16F7-4668-BE54-9A1E7A4F7556}") = "EMS.DataAccess", "DataLayer\EMS.DataAccess.csproj", "{422FBDB2-8FB3-450B-ABB5-F31C97DDF337}"
EndProject
Global
	GlobalSection(SolutionConfigurationPlatforms) = preSolution
		Debug|Any CPU = Debug|Any CPU
		Release|Any CPU = Release|Any CPU
	EndGlobalSection
	GlobalSection(ProjectConfigurationPlatforms) = postSolution
		{649B8043-04EA-4876-A2DC-DFA25B27A895}.Debug|Any CPU.ActiveCfg = Debug|Any CPU
		{649B8043-04EA-4876-A2DC-DFA25B27A895}.Debug|Any CPU.Build.0 = Debug|Any CPU
		{649B8043-04EA-4876-A2DC-DFA25B27A895}.Release|Any CPU.ActiveCfg = Release|Any CPU
		{649B8043-04EA-4876-A2DC-DFA25B27A895}.Release|Any CPU.Build.0 = Release|Any CPU
		{B7F3436B-B987-4A59-90E5-7AA291BA7CB9}.Debug|Any CPU.ActiveCfg = Debug|Any CPU
		{B7F3436B-B987-4A59-90E5-7AA291BA7CB9}.Debug|Any CPU.Build.0 = Debug|Any CPU
		{B7F3436B-B987-4A59-90E5-7AA291BA7CB9}.Release|Any CPU.ActiveCfg = Release|Any CPU
		{B7F3436B-B987-4A59-90E5-7AA291BA7CB9}.Release|Any CPU.Build.0 = Release|Any CPU
		{DA8DDE39-9959-4E41-BE3D-3D6CD0A8F84A}.Debug|Any CPU.ActiveCfg = Debug|Any CPU
		{DA8DDE39-9959-4E41-BE3D-3D6CD0A8F84A}.Debug|Any CPU.Build.0 = Debug|Any CPU
		{DA8DDE39-9959-4E41-BE3D-3D6CD0A8F84A}.Release|Any CPU.ActiveCfg = Release|Any CPU
		{DA8DDE39-9959-4E41-BE3D-3D6CD0A8F84A}.Release|Any CPU.Build.0 = Release|Any CPU
		{F495D149-8919-4004-B201-D64CAFC4AF73}.Debug|Any CPU.ActiveCfg = Debug|Any CPU
		{F495D149-8919-4004-B201-D64CAFC4AF73}.Debug|Any CPU.Build.0 = Debug|Any CPU
		{F495D149-8919-4004-B201-D64CAFC4AF73}.Release|Any CPU.ActiveCfg = Release|Any CPU
		{F495D149-8919-4004-B201-D64CAFC4AF73}.Release|Any CPU.Build.0 = Release|Any CPU
		{E164B47B-D0AE-4479-BFCB-CD58C3968085}.Debug|Any CPU.ActiveCfg = Debug|Any CPU
		{E164B47B-D0AE-4479-BFCB-CD58C3968085}.Debug|Any CPU.Build.0 = Debug|Any CPU
		{E164B47B-D0AE-4479-BFCB-CD58C3968085}.Release|Any CPU.ActiveCfg = Release|Any CPU
		{E164B47B-D0AE-4479-BFCB-CD58C3968085}.Release|Any CPU.Build.0 = Release|Any CPU
		{181FDA05-E795-4DB5-85E3-D0288E18D9E9}.Debug|Any CPU.ActiveCfg = Debug|Any CPU
		{181FDA05-E795-4DB5-85E3-D0288E18D9E9}.Debug|Any CPU.Build.0 = Debug|Any CPU
		{181FDA05-E795-4DB5-85E3-D0288E18D9E9}.Release|Any CPU.ActiveCfg = Release|Any CPU
		{181FDA05-E795-4DB5-85E3-D0288E18D9E9}.Release|Any CPU.Build.0 = Release|Any CPU
		{422FBDB2-8FB3-450B-ABB5-F31C97DDF337}.Debug|Any CPU.ActiveCfg = Debug|Any CPU
		{422FBDB2-8FB3-450B-ABB5-F31C97DDF337}.Debug|Any CPU.Build.0 = Debug|Any CPU
		{422FBDB2-8FB3-450B-ABB5-F31C97DDF337}.Release|Any CPU.ActiveCfg = Release|Any CPU
		{422FBDB2-8FB3-450B-ABB5-F31C97DDF337}.Release|Any CPU.Build.0 = Release|Any CPU
	EndGlobalSection
	GlobalSection(SolutionProperties) = preSolution
		HideSolutionNode = FALSE
	EndGlobalSection
	GlobalSection(ExtensibilityGlobals) = postSolution
		SolutionGuid = {AA6A7539-902C-4A93-977A-7D1EEE9805DF}
	EndGlobalSection
EndGlobal
